// !$*UTF8*$!
{
	archiveVersion = 1;
	classes = {
	};
	objectVersion = 50;
	objects = {

/* Begin PBXBuildFile section */
		02744663221209FC006EBC67 /* AppDelegate.swift in Sources */ = {isa = PBXBuildFile; fileRef = 02744662221209FC006EBC67 /* AppDelegate.swift */; };
		02744665221209FC006EBC67 /* ViewController.swift in Sources */ = {isa = PBXBuildFile; fileRef = 02744664221209FC006EBC67 /* ViewController.swift */; };
		02744668221209FC006EBC67 /* Main.storyboard in Resources */ = {isa = PBXBuildFile; fileRef = 02744666221209FC006EBC67 /* Main.storyboard */; };
		0274466A221209FD006EBC67 /* Assets.xcassets in Resources */ = {isa = PBXBuildFile; fileRef = 02744669221209FD006EBC67 /* Assets.xcassets */; };
		0274466D221209FD006EBC67 /* LaunchScreen.storyboard in Resources */ = {isa = PBXBuildFile; fileRef = 0274466B221209FD006EBC67 /* LaunchScreen.storyboard */; };
		02744678221209FD006EBC67 /* Person_UITests.swift in Sources */ = {isa = PBXBuildFile; fileRef = 02744677221209FD006EBC67 /* Person_UITests.swift */; };
		02744683221209FD006EBC67 /* Person_UIUITests.swift in Sources */ = {isa = PBXBuildFile; fileRef = 02744682221209FD006EBC67 /* Person_UIUITests.swift */; };
/* End PBXBuildFile section */

/* Begin PBXContainerItemProxy section */
		02744674221209FD006EBC67 /* PBXContainerItemProxy */ = {
			isa = PBXContainerItemProxy;
			containerPortal = 02744657221209FC006EBC67 /* Project object */;
			proxyType = 1;
			remoteGlobalIDString = 0274465E221209FC006EBC67;
			remoteInfo = "Person UI";
		};
		0274467F221209FD006EBC67 /* PBXContainerItemProxy */ = {
			isa = PBXContainerItemProxy;
			containerPortal = 02744657221209FC006EBC67 /* Project object */;
			proxyType = 1;
			remoteGlobalIDString = 0274465E221209FC006EBC67;
			remoteInfo = "Person UI";
		};
/* End PBXContainerItemProxy section */

/* Begin PBXFileReference section */
		0274465F221209FC006EBC67 /* Person UI.app */ = {isa = PBXFileReference; explicitFileType = wrapper.application; includeInIndex = 0; path = "Person UI.app"; sourceTree = BUILT_PRODUCTS_DIR; };
		02744662221209FC006EBC67 /* AppDelegate.swift */ = {isa = PBXFileReference; lastKnownFileType = sourcecode.swift; path = AppDelegate.swift; sourceTree = "<group>"; };
		02744664221209FC006EBC67 /* ViewController.swift */ = {isa = PBXFileReference; lastKnownFileType = sourcecode.swift; path = ViewController.swift; sourceTree = "<group>"; };
		02744667221209FC006EBC67 /* Base */ = {isa = PBXFileReference; lastKnownFileType = file.storyboard; name = Base; path = Base.lproj/Main.storyboard; sourceTree = "<group>"; };
		02744669221209FD006EBC67 /* Assets.xcassets */ = {isa = PBXFileReference; lastKnownFileType = folder.assetcatalog; path = Assets.xcassets; sourceTree = "<group>"; };
		0274466C221209FD006EBC67 /* Base */ = {isa = PBXFileReference; lastKnownFileType = file.storyboard; name = Base; path = Base.lproj/LaunchScreen.storyboard; sourceTree = "<group>"; };
		0274466E221209FD006EBC67 /* Info.plist */ = {isa = PBXFileReference; lastKnownFileType = text.plist.xml; path = Info.plist; sourceTree = "<group>"; };
		02744673221209FD006EBC67 /* Person UITests.xctest */ = {isa = PBXFileReference; explicitFileType = wrapper.cfbundle; includeInIndex = 0; path = "Person UITests.xctest"; sourceTree = BUILT_PRODUCTS_DIR; };
		02744677221209FD006EBC67 /* Person_UITests.swift */ = {isa = PBXFileReference; lastKnownFileType = sourcecode.swift; path = Person_UITests.swift; sourceTree = "<group>"; };
		02744679221209FD006EBC67 /* Info.plist */ = {isa = PBXFileReference; lastKnownFileType = text.plist.xml; path = Info.plist; sourceTree = "<group>"; };
		0274467E221209FD006EBC67 /* Person UIUITests.xctest */ = {isa = PBXFileReference; explicitFileType = wrapper.cfbundle; includeInIndex = 0; path = "Person UIUITests.xctest"; sourceTree = BUILT_PRODUCTS_DIR; };
		02744682221209FD006EBC67 /* Person_UIUITests.swift */ = {isa = PBXFileReference; lastKnownFileType = sourcecode.swift; path = Person_UIUITests.swift; sourceTree = "<group>"; };
		02744684221209FD006EBC67 /* Info.plist */ = {isa = PBXFileReference; lastKnownFileType = text.plist.xml; path = Info.plist; sourceTree = "<group>"; };
/* End PBXFileReference section */

/* Begin PBXFrameworksBuildPhase section */
		0274465C221209FC006EBC67 /* Frameworks */ = {
			isa = PBXFrameworksBuildPhase;
			buildActionMask = 2147483647;
			files = (
			);
			runOnlyForDeploymentPostprocessing = 0;
		};
		02744670221209FD006EBC67 /* Frameworks */ = {
			isa = PBXFrameworksBuildPhase;
			buildActionMask = 2147483647;
			files = (
			);
			runOnlyForDeploymentPostprocessing = 0;
		};
		0274467B221209FD006EBC67 /* Frameworks */ = {
			isa = PBXFrameworksBuildPhase;
			buildActionMask = 2147483647;
			files = (
			);
			runOnlyForDeploymentPostprocessing = 0;
		};
/* End PBXFrameworksBuildPhase section */

/* Begin PBXGroup section */
		02744656221209FC006EBC67 = {
			isa = PBXGroup;
			children = (
				02744661221209FC006EBC67 /* Person UI */,
				02744676221209FD006EBC67 /* Person UITests */,
				02744681221209FD006EBC67 /* Person UIUITests */,
				02744660221209FC006EBC67 /* Products */,
			);
			sourceTree = "<group>";
		};
		02744660221209FC006EBC67 /* Products */ = {
			isa = PBXGroup;
			children = (
				0274465F221209FC006EBC67 /* Person UI.app */,
				02744673221209FD006EBC67 /* Person UITests.xctest */,
				0274467E221209FD006EBC67 /* Person UIUITests.xctest */,
			);
			name = Products;
			sourceTree = "<group>";
		};
		02744661221209FC006EBC67 /* Person UI */ = {
			isa = PBXGroup;
			children = (
				02744662221209FC006EBC67 /* AppDelegate.swift */,
				02744664221209FC006EBC67 /* ViewController.swift */,
				02744666221209FC006EBC67 /* Main.storyboard */,
				02744669221209FD006EBC67 /* Assets.xcassets */,
				0274466B221209FD006EBC67 /* LaunchScreen.storyboard */,
				0274466E221209FD006EBC67 /* Info.plist */,
			);
			path = "Person UI";
			sourceTree = "<group>";
		};
		02744676221209FD006EBC67 /* Person UITests */ = {
			isa = PBXGroup;
			children = (
				02744677221209FD006EBC67 /* Person_UITests.swift */,
				02744679221209FD006EBC67 /* Info.plist */,
			);
			path = "Person UITests";
			sourceTree = "<group>";
		};
		02744681221209FD006EBC67 /* Person UIUITests */ = {
			isa = PBXGroup;
			children = (
				02744682221209FD006EBC67 /* Person_UIUITests.swift */,
				02744684221209FD006EBC67 /* Info.plist */,
			);
			path = "Person UIUITests";
			sourceTree = "<group>";
		};
/* End PBXGroup section */

/* Begin PBXNativeTarget section */
		0274465E221209FC006EBC67 /* Person UI */ = {
			isa = PBXNativeTarget;
			buildConfigurationList = 02744687221209FD006EBC67 /* Build configuration list for PBXNativeTarget "Person UI" */;
			buildPhases = (
				0274465B221209FC006EBC67 /* Sources */,
				0274465C221209FC006EBC67 /* Frameworks */,
				0274465D221209FC006EBC67 /* Resources */,
			);
			buildRules = (
			);
			dependencies = (
			);
			name = "Person UI";
			productName = "Person UI";
			productReference = 0274465F221209FC006EBC67 /* Person UI.app */;
			productType = "com.apple.product-type.application";
		};
		02744672221209FD006EBC67 /* Person UITests */ = {
			isa = PBXNativeTarget;
			buildConfigurationList = 0274468A221209FD006EBC67 /* Build configuration list for PBXNativeTarget "Person UITests" */;
			buildPhases = (
				0274466F221209FD006EBC67 /* Sources */,
				02744670221209FD006EBC67 /* Frameworks */,
				02744671221209FD006EBC67 /* Resources */,
			);
			buildRules = (
			);
			dependencies = (
				02744675221209FD006EBC67 /* PBXTargetDependency */,
			);
			name = "Person UITests";
			productName = "Person UITests";
			productReference = 02744673221209FD006EBC67 /* Person UITests.xctest */;
			productType = "com.apple.product-type.bundle.unit-test";
		};
		0274467D221209FD006EBC67 /* Person UIUITests */ = {
			isa = PBXNativeTarget;
			buildConfigurationList = 0274468D221209FD006EBC67 /* Build configuration list for PBXNativeTarget "Person UIUITests" */;
			buildPhases = (
				0274467A221209FD006EBC67 /* Sources */,
				0274467B221209FD006EBC67 /* Frameworks */,
				0274467C221209FD006EBC67 /* Resources */,
			);
			buildRules = (
			);
			dependencies = (
				02744680221209FD006EBC67 /* PBXTargetDependency */,
			);
			name = "Person UIUITests";
			productName = "Person UIUITests";
			productReference = 0274467E221209FD006EBC67 /* Person UIUITests.xctest */;
			productType = "com.apple.product-type.bundle.ui-testing";
		};
/* End PBXNativeTarget section */

/* Begin PBXProject section */
		02744657221209FC006EBC67 /* Project object */ = {
			isa = PBXProject;
			attributes = {
				LastSwiftUpdateCheck = 1010;
				LastUpgradeCheck = 1010;
				ORGANIZATIONNAME = "Knobel, Niklas (MU-Student)";
				TargetAttributes = {
					0274465E221209FC006EBC67 = {
						CreatedOnToolsVersion = 10.1;
					};
					02744672221209FD006EBC67 = {
						CreatedOnToolsVersion = 10.1;
						TestTargetID = 0274465E221209FC006EBC67;
					};
					0274467D221209FD006EBC67 = {
						CreatedOnToolsVersion = 10.1;
						TestTargetID = 0274465E221209FC006EBC67;
					};
				};
			};
			buildConfigurationList = 0274465A221209FC006EBC67 /* Build configuration list for PBXProject "Person UI" */;
			compatibilityVersion = "Xcode 9.3";
			developmentRegion = en;
			hasScannedForEncodings = 0;
			knownRegions = (
				en,
				Base,
			);
			mainGroup = 02744656221209FC006EBC67;
			productRefGroup = 02744660221209FC006EBC67 /* Products */;
			projectDirPath = "";
			projectRoot = "";
			targets = (
				0274465E221209FC006EBC67 /* Person UI */,
				02744672221209FD006EBC67 /* Person UITests */,
				0274467D221209FD006EBC67 /* Person UIUITests */,
			);
		};
/* End PBXProject section */

/* Begin PBXResourcesBuildPhase section */
		0274465D221209FC006EBC67 /* Resources */ = {
			isa = PBXResourcesBuildPhase;
			buildActionMask = 2147483647;
			files = (
				0274466D221209FD006EBC67 /* LaunchScreen.storyboard in Resources */,
				0274466A221209FD006EBC67 /* Assets.xcassets in Resources */,
				02744668221209FC006EBC67 /* Main.storyboard in Resources */,
			);
			runOnlyForDeploymentPostprocessing = 0;
		};
		02744671221209FD006EBC67 /* Resources */ = {
			isa = PBXResourcesBuildPhase;
			buildActionMask = 2147483647;
			files = (
			);
			runOnlyForDeploymentPostprocessing = 0;
		};
		0274467C221209FD006EBC67 /* Resources */ = {
			isa = PBXResourcesBuildPhase;
			buildActionMask = 2147483647;
			files = (
			);
			runOnlyForDeploymentPostprocessing = 0;
		};
/* End PBXResourcesBuildPhase section */

/* Begin PBXSourcesBuildPhase section */
		0274465B221209FC006EBC67 /* Sources */ = {
			isa = PBXSourcesBuildPhase;
			buildActionMask = 2147483647;
			files = (
				02744665221209FC006EBC67 /* ViewController.swift in Sources */,
				02744663221209FC006EBC67 /* AppDelegate.swift in Sources */,
			);
			runOnlyForDeploymentPostprocessing = 0;
		};
		0274466F221209FD006EBC67 /* Sources */ = {
			isa = PBXSourcesBuildPhase;
			buildActionMask = 2147483647;
			files = (
				02744678221209FD006EBC67 /* Person_UITests.swift in Sources */,
			);
			runOnlyForDeploymentPostprocessing = 0;
		};
		0274467A221209FD006EBC67 /* Sources */ = {
			isa = PBXSourcesBuildPhase;
			buildActionMask = 2147483647;
			files = (
				02744683221209FD006EBC67 /* Person_UIUITests.swift in Sources */,
			);
			runOnlyForDeploymentPostprocessing = 0;
		};
/* End PBXSourcesBuildPhase section */

/* Begin PBXTargetDependency section */
		02744675221209FD006EBC67 /* PBXTargetDependency */ = {
			isa = PBXTargetDependency;
			target = 0274465E221209FC006EBC67 /* Person UI */;
			targetProxy = 02744674221209FD006EBC67 /* PBXContainerItemProxy */;
		};
		02744680221209FD006EBC67 /* PBXTargetDependency */ = {
			isa = PBXTargetDependency;
			target = 0274465E221209FC006EBC67 /* Person UI */;
			targetProxy = 0274467F221209FD006EBC67 /* PBXContainerItemProxy */;
		};
/* End PBXTargetDependency section */

/* Begin PBXVariantGroup section */
		02744666221209FC006EBC67 /* Main.storyboard */ = {
			isa = PBXVariantGroup;
			children = (
				02744667221209FC006EBC67 /* Base */,
			);
			name = Main.storyboard;
			sourceTree = "<group>";
		};
		0274466B221209FD006EBC67 /* LaunchScreen.storyboard */ = {
			isa = PBXVariantGroup;
			children = (
				0274466C221209FD006EBC67 /* Base */,
			);
			name = LaunchScreen.storyboard;
			sourceTree = "<group>";
		};
/* End PBXVariantGroup section */

/* Begin XCBuildConfiguration section */
		02744685221209FD006EBC67 /* Debug */ = {
			isa = XCBuildConfiguration;
			buildSettings = {
				ALWAYS_SEARCH_USER_PATHS = NO;
				CLANG_ANALYZER_NONNULL = YES;
				CLANG_ANALYZER_NUMBER_OBJECT_CONVERSION = YES_AGGRESSIVE;
				CLANG_CXX_LANGUAGE_STANDARD = "gnu++14";
				CLANG_CXX_LIBRARY = "libc++";
				CLANG_ENABLE_MODULES = YES;
				CLANG_ENABLE_OBJC_ARC = YES;
				CLANG_ENABLE_OBJC_WEAK = YES;
				CLANG_WARN_BLOCK_CAPTURE_AUTORELEASING = YES;
				CLANG_WARN_BOOL_CONVERSION = YES;
				CLANG_WARN_COMMA = YES;
				CLANG_WARN_CONSTANT_CONVERSION = YES;
				CLANG_WARN_DEPRECATED_OBJC_IMPLEMENTATIONS = YES;
				CLANG_WARN_DIRECT_OBJC_ISA_USAGE = YES_ERROR;
				CLANG_WARN_DOCUMENTATION_COMMENTS = YES;
				CLANG_WARN_EMPTY_BODY = YES;
				CLANG_WARN_ENUM_CONVERSION = YES;
				CLANG_WARN_INFINITE_RECURSION = YES;
				CLANG_WARN_INT_CONVERSION = YES;
				CLANG_WARN_NON_LITERAL_NULL_CONVERSION = YES;
				CLANG_WARN_OBJC_IMPLICIT_RETAIN_SELF = YES;
				CLANG_WARN_OBJC_LITERAL_CONVERSION = YES;
				CLANG_WARN_OBJC_ROOT_CLASS = YES_ERROR;
				CLANG_WARN_RANGE_LOOP_ANALYSIS = YES;
				CLANG_WARN_STRICT_PROTOTYPES = YES;
				CLANG_WARN_SUSPICIOUS_MOVE = YES;
				CLANG_WARN_UNGUARDED_AVAILABILITY = YES_AGGRESSIVE;
				CLANG_WARN_UNREACHABLE_CODE = YES;
				CLANG_WARN__DUPLICATE_METHOD_MATCH = YES;
				CODE_SIGN_IDENTITY = "iPhone Developer";
				COPY_PHASE_STRIP = NO;
				DEBUG_INFORMATION_FORMAT = dwarf;
				ENABLE_STRICT_OBJC_MSGSEND = YES;
				ENABLE_TESTABILITY = YES;
				GCC_C_LANGUAGE_STANDARD = gnu11;
				GCC_DYNAMIC_NO_PIC = NO;
				GCC_NO_COMMON_BLOCKS = YES;
				GCC_OPTIMIZATION_LEVEL = 0;
				GCC_PREPROCESSOR_DEFINITIONS = (
					"DEBUG=1",
					"$(inherited)",
				);
				GCC_WARN_64_TO_32_BIT_CONVERSION = YES;
				GCC_WARN_ABOUT_RETURN_TYPE = YES_ERROR;
				GCC_WARN_UNDECLARED_SELECTOR = YES;
				GCC_WARN_UNINITIALIZED_AUTOS = YES_AGGRESSIVE;
				GCC_WARN_UNUSED_FUNCTION = YES;
				GCC_WARN_UNUSED_VARIABLE = YES;
				IPHONEOS_DEPLOYMENT_TARGET = 12.1;
				MTL_ENABLE_DEBUG_INFO = INCLUDE_SOURCE;
				MTL_FAST_MATH = YES;
				ONLY_ACTIVE_ARCH = YES;
				SDKROOT = iphoneos;
				SWIFT_ACTIVE_COMPILATION_CONDITIONS = DEBUG;
				SWIFT_OPTIMIZATION_LEVEL = "-Onone";
			};
			name = Debug;
		};
		02744686221209FD006EBC67 /* Release */ = {
			isa = XCBuildConfiguration;
			buildSettings = {
				ALWAYS_SEARCH_USER_PATHS = NO;
				CLANG_ANALYZER_NONNULL = YES;
				CLANG_ANALYZER_NUMBER_OBJECT_CONVERSION = YES_AGGRESSIVE;
				CLANG_CXX_LANGUAGE_STANDARD = "gnu++14";
				CLANG_CXX_LIBRARY = "libc++";
				CLANG_ENABLE_MODULES = YES;
				CLANG_ENABLE_OBJC_ARC = YES;
				CLANG_ENABLE_OBJC_WEAK = YES;
				CLANG_WARN_BLOCK_CAPTURE_AUTORELEASING = YES;
				CLANG_WARN_BOOL_CONVERSION = YES;
				CLANG_WARN_COMMA = YES;
				CLANG_WARN_CONSTANT_CONVERSION = YES;
				CLANG_WARN_DEPRECATED_OBJC_IMPLEMENTATIONS = YES;
				CLANG_WARN_DIRECT_OBJC_ISA_USAGE = YES_ERROR;
				CLANG_WARN_DOCUMENTATION_COMMENTS = YES;
				CLANG_WARN_EMPTY_BODY = YES;
				CLANG_WARN_ENUM_CONVERSION = YES;
				CLANG_WARN_INFINITE_RECURSION = YES;
				CLANG_WARN_INT_CONVERSION = YES;
				CLANG_WARN_NON_LITERAL_NULL_CONVERSION = YES;
				CLANG_WARN_OBJC_IMPLICIT_RETAIN_SELF = YES;
				CLANG_WARN_OBJC_LITERAL_CONVERSION = YES;
				CLANG_WARN_OBJC_ROOT_CLASS = YES_ERROR;
				CLANG_WARN_RANGE_LOOP_ANALYSIS = YES;
				CLANG_WARN_STRICT_PROTOTYPES = YES;
				CLANG_WARN_SUSPICIOUS_MOVE = YES;
				CLANG_WARN_UNGUARDED_AVAILABILITY = YES_AGGRESSIVE;
				CLANG_WARN_UNREACHABLE_CODE = YES;
				CLANG_WARN__DUPLICATE_METHOD_MATCH = YES;
				CODE_SIGN_IDENTITY = "iPhone Developer";
				COPY_PHASE_STRIP = NO;
				DEBUG_INFORMATION_FORMAT = "dwarf-with-dsym";
				ENABLE_NS_ASSERTIONS = NO;
				ENABLE_STRICT_OBJC_MSGSEND = YES;
				GCC_C_LANGUAGE_STANDARD = gnu11;
				GCC_NO_COMMON_BLOCKS = YES;
				GCC_WARN_64_TO_32_BIT_CONVERSION = YES;
				GCC_WARN_ABOUT_RETURN_TYPE = YES_ERROR;
				GCC_WARN_UNDECLARED_SELECTOR = YES;
				GCC_WARN_UNINITIALIZED_AUTOS = YES_AGGRESSIVE;
				GCC_WARN_UNUSED_FUNCTION = YES;
				GCC_WARN_UNUSED_VARIABLE = YES;
				IPHONEOS_DEPLOYMENT_TARGET = 12.1;
				MTL_ENABLE_DEBUG_INFO = NO;
				MTL_FAST_MATH = YES;
				SDKROOT = iphoneos;
				SWIFT_COMPILATION_MODE = wholemodule;
				SWIFT_OPTIMIZATION_LEVEL = "-O";
				VALIDATE_PRODUCT = YES;
			};
			name = Release;
		};
		02744688221209FD006EBC67 /* Debug */ = {
			isa = XCBuildConfiguration;
			buildSettings = {
				ASSETCATALOG_COMPILER_APPICON_NAME = AppIcon;
				CODE_SIGN_STYLE = Automatic;
				INFOPLIST_FILE = "Person UI/Info.plist";
				LD_RUNPATH_SEARCH_PATHS = (
					"$(inherited)",
					"@executable_path/Frameworks",
				);
				PRODUCT_BUNDLE_IDENTIFIER = "nk.Person-UI";
				PRODUCT_NAME = "$(TARGET_NAME)";
				SWIFT_VERSION = 4.2;
				TARGETED_DEVICE_FAMILY = "1,2";
			};
			name = Debug;
		};
		02744689221209FD006EBC67 /* Release */ = {
			isa = XCBuildConfiguration;
			buildSettings = {
				ASSETCATALOG_COMPILER_APPICON_NAME = AppIcon;
				CODE_SIGN_STYLE = Automatic;
				INFOPLIST_FILE = "Person UI/Info.plist";
				LD_RUNPATH_SEARCH_PATHS = (
					"$(inherited)",
					"@executable_path/Frameworks",
				);
				PRODUCT_BUNDLE_IDENTIFIER = "nk.Person-UI";
				PRODUCT_NAME = "$(TARGET_NAME)";
				SWIFT_VERSION = 4.2;
				TARGETED_DEVICE_FAMILY = "1,2";
			};
			name = Release;
		};
		0274468B221209FD006EBC67 /* Debug */ = {
			isa = XCBuildConfiguration;
			buildSettings = {
				ALWAYS_EMBED_SWIFT_STANDARD_LIBRARIES = YES;
				BUNDLE_LOADER = "$(TEST_HOST)";
				CODE_SIGN_STYLE = Automatic;
				INFOPLIST_FILE = "Person UITests/Info.plist";
				LD_RUNPATH_SEARCH_PATHS = (
					"$(inherited)",
					"@executable_path/Frameworks",
					"@loader_path/Frameworks",
				);
				PRODUCT_BUNDLE_IDENTIFIER = "nk.Person-UITests";
				PRODUCT_NAME = "$(TARGET_NAME)";
				SWIFT_VERSION = 4.2;
				TARGETED_DEVICE_FAMILY = "1,2";
				TEST_HOST = "$(BUILT_PRODUCTS_DIR)/Person UI.app/Person UI";
			};
			name = Debug;
		};
		0274468C221209FD006EBC67 /* Release */ = {
			isa = XCBuildConfiguration;
			buildSettings = {
				ALWAYS_EMBED_SWIFT_STANDARD_LIBRARIES = YES;
				BUNDLE_LOADER = "$(TEST_HOST)";
				CODE_SIGN_STYLE = Automatic;
				INFOPLIST_FILE = "Person UITests/Info.plist";
				LD_RUNPATH_SEARCH_PATHS = (
					"$(inherited)",
					"@executable_path/Frameworks",
					"@loader_path/Frameworks",
				);
				PRODUCT_BUNDLE_IDENTIFIER = "nk.Person-UITests";
				PRODUCT_NAME = "$(TARGET_NAME)";
				SWIFT_VERSION = 4.2;
				TARGETED_DEVICE_FAMILY = "1,2";
				TEST_HOST = "$(BUILT_PRODUCTS_DIR)/Person UI.app/Person UI";
			};
			name = Release;
		};
		0274468E221209FD006EBC67 /* Debug */ = {
			isa = XCBuildConfiguration;
			buildSettings = {
				ALWAYS_EMBED_SWIFT_STANDARD_LIBRARIES = YES;
				CODE_SIGN_STYLE = Automatic;
				INFOPLIST_FILE = "Person UIUITests/Info.plist";
				LD_RUNPATH_SEARCH_PATHS = (
					"$(inherited)",
					"@executable_path/Frameworks",
					"@loader_path/Frameworks",
				);
				PRODUCT_BUNDLE_IDENTIFIER = "nk.Person-UIUITests";
				PRODUCT_NAME = "$(TARGET_NAME)";
				SWIFT_VERSION = 4.2;
				TARGETED_DEVICE_FAMILY = "1,2";
				TEST_TARGET_NAME = "Person UI";
			};
			name = Debug;
		};
		0274468F221209FD006EBC67 /* Release */ = {
			isa = XCBuildConfiguration;
			buildSettings = {
				ALWAYS_EMBED_SWIFT_STANDARD_LIBRARIES = YES;
				CODE_SIGN_STYLE = Automatic;
				INFOPLIST_FILE = "Person UIUITests/Info.plist";
				LD_RUNPATH_SEARCH_PATHS = (
					"$(inherited)",
					"@executable_path/Frameworks",
					"@loader_path/Frameworks",
				);
				PRODUCT_BUNDLE_IDENTIFIER = "nk.Person-UIUITests";
				PRODUCT_NAME = "$(TARGET_NAME)";
				SWIFT_VERSION = 4.2;
				TARGETED_DEVICE_FAMILY = "1,2";
				TEST_TARGET_NAME = "Person UI";
			};
			name = Release;
		};
/* End XCBuildConfiguration section */

/* Begin XCConfigurationList section */
		0274465A221209FC006EBC67 /* Build configuration list for PBXProject "Person UI" */ = {
			isa = XCConfigurationList;
			buildConfigurations = (
				02744685221209FD006EBC67 /* Debug */,
				02744686221209FD006EBC67 /* Release */,
			);
			defaultConfigurationIsVisible = 0;
			defaultConfigurationName = Release;
		};
		02744687221209FD006EBC67 /* Build configuration list for PBXNativeTarget "Person UI" */ = {
			isa = XCConfigurationList;
			buildConfigurations = (
				02744688221209FD006EBC67 /* Debug */,
				02744689221209FD006EBC67 /* Release */,
			);
			defaultConfigurationIsVisible = 0;
			defaultConfigurationName = Release;
		};
		0274468A221209FD006EBC67 /* Build configuration list for PBXNativeTarget "Person UITests" */ = {
			isa = XCConfigurationList;
			buildConfigurations = (
				0274468B221209FD006EBC67 /* Debug */,
				0274468C221209FD006EBC67 /* Release */,
			);
			defaultConfigurationIsVisible = 0;
			defaultConfigurationName = Release;
		};
		0274468D221209FD006EBC67 /* Build configuration list for PBXNativeTarget "Person UIUITests" */ = {
			isa = XCConfigurationList;
			buildConfigurations = (
				0274468E221209FD006EBC67 /* Debug */,
				0274468F221209FD006EBC67 /* Release */,
			);
			defaultConfigurationIsVisible = 0;
			defaultConfigurationName = Release;
		};
/* End XCConfigurationList section */
	};
	rootObject = 02744657221209FC006EBC67 /* Project object */;
}
